
Microsoft Visual Studio Solution File, Format Version 12.00
Project("{FAE04EC0-301F-11D3-BF4B-00C04F79EFBC}") = "AnimeApi.Server.DataAccess", "AnimeApi.Server.DataAccess\AnimeApi.Server.DataAccess.csproj", "{B9A8F317-B695-44D8-928D-454C03E6EAF6}"
EndProject
Project("{FAE04EC0-301F-11D3-BF4B-00C04F79EFBC}") = "AnimeApi.Server.Business", "AnimeApi.Server.Business\AnimeApi.Server.Business.csproj", "{CE23FDCA-653F-4E80-9360-A97C63FDD3B3}"
EndProject
Global
	GlobalSection(SolutionConfigurationPlatforms) = preSolution
		Debug|Any CPU = Debug|Any CPU
		Release|Any CPU = Release|Any CPU
	EndGlobalSection
	GlobalSection(ProjectConfigurationPlatforms) = postSolution
		{B9A8F317-B695-44D8-928D-454C03E6EAF6}.Debug|Any CPU.ActiveCfg = Debug|Any CPU
		{B9A8F317-B695-44D8-928D-454C03E6EAF6}.Debug|Any CPU.Build.0 = Debug|Any CPU
		{B9A8F317-B695-44D8-928D-454C03E6EAF6}.Release|Any CPU.ActiveCfg = Release|Any CPU
		{B9A8F317-B695-44D8-928D-454C03E6EAF6}.Release|Any CPU.Build.0 = Release|Any CPU
		{CE23FDCA-653F-4E80-9360-A97C63FDD3B3}.Debug|Any CPU.ActiveCfg = Debug|Any CPU
		{CE23FDCA-653F-4E80-9360-A97C63FDD3B3}.Debug|Any CPU.Build.0 = Debug|Any CPU
		{CE23FDCA-653F-4E80-9360-A97C63FDD3B3}.Release|Any CPU.ActiveCfg = Release|Any CPU
		{CE23FDCA-653F-4E80-9360-A97C63FDD3B3}.Release|Any CPU.Build.0 = Release|Any CPU
	EndGlobalSection
EndGlobal
